
Microsoft Visual Studio Solution File, Format Version 12.00
# Visual Studio Version 16
VisualStudioVersion = 16.0.28803.352
MinimumVisualStudioVersion = 10.0.40219.1
Project("{9A19103F-16F7-4668-BE54-9A1E7A4F7556}") = "Chiaki", "Chiaki\Chiaki.csproj", "{A499D924-8DFA-458D-8085-F530A95868F9}"
EndProject
Project("{FAE04EC0-301F-11D3-BF4B-00C04F79EFBC}") = "Chiaki.Tests", "Chiaki.Tests\Chiaki.Tests.csproj", "{250E0337-1513-4D46-9538-1D683CA8C8E3}"
EndProject
Global
	GlobalSection(SolutionConfigurationPlatforms) = preSolution
		Debug|Any CPU = Debug|Any CPU
		Release|Any CPU = Release|Any CPU
	EndGlobalSection
	GlobalSection(ProjectConfigurationPlatforms) = postSolution
		{A499D924-8DFA-458D-8085-F530A95868F9}.Debug|Any CPU.ActiveCfg = Debug|Any CPU
		{A499D924-8DFA-458D-8085-F530A95868F9}.Debug|Any CPU.Build.0 = Debug|Any CPU
		{A499D924-8DFA-458D-8085-F530A95868F9}.Release|Any CPU.ActiveCfg = Release|Any CPU
		{A499D924-8DFA-458D-8085-F530A95868F9}.Release|Any CPU.Build.0 = Release|Any CPU
		{250E0337-1513-4D46-9538-1D683CA8C8E3}.Debug|Any CPU.ActiveCfg = Debug|Any CPU
		{250E0337-1513-4D46-9538-1D683CA8C8E3}.Debug|Any CPU.Build.0 = Debug|Any CPU
		{250E0337-1513-4D46-9538-1D683CA8C8E3}.Release|Any CPU.ActiveCfg = Release|Any CPU
		{250E0337-1513-4D46-9538-1D683CA8C8E3}.Release|Any CPU.Build.0 = Release|Any CPU
	EndGlobalSection
	GlobalSection(SolutionProperties) = preSolution
		HideSolutionNode = FALSE
	EndGlobalSection
	GlobalSection(ExtensibilityGlobals) = postSolution
		SolutionGuid = {A33EB448-E00C-4984-81D7-9D144721D5F5}
	EndGlobalSection
EndGlobal
